// !$*UTF8*$!
{
	archiveVersion = 1;
	classes = {
	};
	objectVersion = 56;
	objects = {

/* Begin PBXBuildFile section */
		FAFDB2962AE4E3FE00E41FBB /* AppDelegate.swift in Sources */ = {isa = PBXBuildFile; fileRef = FAFDB2952AE4E3FE00E41FBB /* AppDelegate.swift */; };
		FAFDB2982AE4E3FE00E41FBB /* SceneDelegate.swift in Sources */ = {isa = PBXBuildFile; fileRef = FAFDB2972AE4E3FE00E41FBB /* SceneDelegate.swift */; };
		FAFDB29A2AE4E3FE00E41FBB /* ViewController.swift in Sources */ = {isa = PBXBuildFile; fileRef = FAFDB2992AE4E3FE00E41FBB /* ViewController.swift */; };
		FAFDB29D2AE4E3FE00E41FBB /* Main.storyboard in Resources */ = {isa = PBXBuildFile; fileRef = FAFDB29B2AE4E3FE00E41FBB /* Main.storyboard */; };
		FAFDB29F2AE4E40000E41FBB /* Assets.xcassets in Resources */ = {isa = PBXBuildFile; fileRef = FAFDB29E2AE4E40000E41FBB /* Assets.xcassets */; };
		FAFDB2A22AE4E40000E41FBB /* LaunchScreen.storyboard in Resources */ = {isa = PBXBuildFile; fileRef = FAFDB2A02AE4E40000E41FBB /* LaunchScreen.storyboard */; };
		FAFDB2AF2AE4EDDB00E41FBB /* UIView+Extensions.swift in Sources */ = {isa = PBXBuildFile; fileRef = FAFDB2AE2AE4EDDB00E41FBB /* UIView+Extensions.swift */; };
		FAFDB2B22AE4F2FD00E41FBB /* Theme.swift in Sources */ = {isa = PBXBuildFile; fileRef = FAFDB2B12AE4F2FD00E41FBB /* Theme.swift */; };
		FAFDB2B42AE4F43200E41FBB /* UIColor+Extensions.swift in Sources */ = {isa = PBXBuildFile; fileRef = FAFDB2B32AE4F43200E41FBB /* UIColor+Extensions.swift */; };
		FAFDB2B72AE4F51C00E41FBB /* Coordinator.swift in Sources */ = {isa = PBXBuildFile; fileRef = FAFDB2B62AE4F51C00E41FBB /* Coordinator.swift */; };
		FAFDB2B92AE4F56500E41FBB /* AppCoordinator.swift in Sources */ = {isa = PBXBuildFile; fileRef = FAFDB2B82AE4F56500E41FBB /* AppCoordinator.swift */; };
/* End PBXBuildFile section */

/* Begin PBXFileReference section */
		FAFDB2922AE4E3FE00E41FBB /* CryptoTraidingWebView-MVVM-C.app */ = {isa = PBXFileReference; explicitFileType = wrapper.application; includeInIndex = 0; path = "CryptoTraidingWebView-MVVM-C.app"; sourceTree = BUILT_PRODUCTS_DIR; };
		FAFDB2952AE4E3FE00E41FBB /* AppDelegate.swift */ = {isa = PBXFileReference; lastKnownFileType = sourcecode.swift; path = AppDelegate.swift; sourceTree = "<group>"; };
		FAFDB2972AE4E3FE00E41FBB /* SceneDelegate.swift */ = {isa = PBXFileReference; lastKnownFileType = sourcecode.swift; path = SceneDelegate.swift; sourceTree = "<group>"; };
		FAFDB2992AE4E3FE00E41FBB /* ViewController.swift */ = {isa = PBXFileReference; lastKnownFileType = sourcecode.swift; path = ViewController.swift; sourceTree = "<group>"; };
		FAFDB29C2AE4E3FE00E41FBB /* Base */ = {isa = PBXFileReference; lastKnownFileType = file.storyboard; name = Base; path = Base.lproj/Main.storyboard; sourceTree = "<group>"; };
		FAFDB29E2AE4E40000E41FBB /* Assets.xcassets */ = {isa = PBXFileReference; lastKnownFileType = folder.assetcatalog; path = Assets.xcassets; sourceTree = "<group>"; };
		FAFDB2A12AE4E40000E41FBB /* Base */ = {isa = PBXFileReference; lastKnownFileType = file.storyboard; name = Base; path = Base.lproj/LaunchScreen.storyboard; sourceTree = "<group>"; };
		FAFDB2A32AE4E40000E41FBB /* Info.plist */ = {isa = PBXFileReference; lastKnownFileType = text.plist.xml; path = Info.plist; sourceTree = "<group>"; };
		FAFDB2AE2AE4EDDB00E41FBB /* UIView+Extensions.swift */ = {isa = PBXFileReference; lastKnownFileType = sourcecode.swift; path = "UIView+Extensions.swift"; sourceTree = "<group>"; };
		FAFDB2B12AE4F2FD00E41FBB /* Theme.swift */ = {isa = PBXFileReference; lastKnownFileType = sourcecode.swift; path = Theme.swift; sourceTree = "<group>"; };
		FAFDB2B32AE4F43200E41FBB /* UIColor+Extensions.swift */ = {isa = PBXFileReference; lastKnownFileType = sourcecode.swift; path = "UIColor+Extensions.swift"; sourceTree = "<group>"; };
		FAFDB2B62AE4F51C00E41FBB /* Coordinator.swift */ = {isa = PBXFileReference; lastKnownFileType = sourcecode.swift; path = Coordinator.swift; sourceTree = "<group>"; };
		FAFDB2B82AE4F56500E41FBB /* AppCoordinator.swift */ = {isa = PBXFileReference; lastKnownFileType = sourcecode.swift; path = AppCoordinator.swift; sourceTree = "<group>"; };
/* End PBXFileReference section */

/* Begin PBXFrameworksBuildPhase section */
		FAFDB28F2AE4E3FE00E41FBB /* Frameworks */ = {
			isa = PBXFrameworksBuildPhase;
			buildActionMask = 2147483647;
			files = (
			);
			runOnlyForDeploymentPostprocessing = 0;
		};
/* End PBXFrameworksBuildPhase section */

/* Begin PBXGroup section */
		FAFDB2892AE4E3FE00E41FBB = {
			isa = PBXGroup;
			children = (
				FAFDB2942AE4E3FE00E41FBB /* CryptoTraidingWebView-MVVM-C */,
				FAFDB2932AE4E3FE00E41FBB /* Products */,
			);
			sourceTree = "<group>";
		};
		FAFDB2932AE4E3FE00E41FBB /* Products */ = {
			isa = PBXGroup;
			children = (
				FAFDB2922AE4E3FE00E41FBB /* CryptoTraidingWebView-MVVM-C.app */,
			);
			name = Products;
			sourceTree = "<group>";
		};
		FAFDB2942AE4E3FE00E41FBB /* CryptoTraidingWebView-MVVM-C */ = {
			isa = PBXGroup;
			children = (
				FAFDB2AD2AE4EDB000E41FBB /* Extensions */,
				FAFDB2AC2AE4ED9400E41FBB /* Resources */,
				FAFDB2AB2AE4ED8300E41FBB /* Sources */,
				FAFDB2AA2AE4ED6800E41FBB /* App */,
				FAFDB2A92AE4ED4C00E41FBB /* Storyboards */,
			);
			path = "CryptoTraidingWebView-MVVM-C";
			sourceTree = "<group>";
		};
		FAFDB2A92AE4ED4C00E41FBB /* Storyboards */ = {
			isa = PBXGroup;
			children = (
				FAFDB29B2AE4E3FE00E41FBB /* Main.storyboard */,
				FAFDB2A02AE4E40000E41FBB /* LaunchScreen.storyboard */,
			);
			path = Storyboards;
			sourceTree = "<group>";
		};
		FAFDB2AA2AE4ED6800E41FBB /* App */ = {
			isa = PBXGroup;
			children = (
				FAFDB2952AE4E3FE00E41FBB /* AppDelegate.swift */,
				FAFDB2972AE4E3FE00E41FBB /* SceneDelegate.swift */,
			);
			path = App;
			sourceTree = "<group>";
		};
		FAFDB2AB2AE4ED8300E41FBB /* Sources */ = {
			isa = PBXGroup;
			children = (
				FAFDB2B52AE4F4FB00E41FBB /* Coordinator */,
				FAFDB2992AE4E3FE00E41FBB /* ViewController.swift */,
			);
			path = Sources;
			sourceTree = "<group>";
		};
		FAFDB2AC2AE4ED9400E41FBB /* Resources */ = {
			isa = PBXGroup;
			children = (
				FAFDB2B02AE4F2E900E41FBB /* Constants */,
				FAFDB29E2AE4E40000E41FBB /* Assets.xcassets */,
				FAFDB2A32AE4E40000E41FBB /* Info.plist */,
			);
			path = Resources;
			sourceTree = "<group>";
		};
		FAFDB2AD2AE4EDB000E41FBB /* Extensions */ = {
			isa = PBXGroup;
			children = (
				FAFDB2AE2AE4EDDB00E41FBB /* UIView+Extensions.swift */,
				FAFDB2B32AE4F43200E41FBB /* UIColor+Extensions.swift */,
			);
			path = Extensions;
			sourceTree = "<group>";
		};
		FAFDB2B02AE4F2E900E41FBB /* Constants */ = {
			isa = PBXGroup;
			children = (
				FAFDB2B12AE4F2FD00E41FBB /* Theme.swift */,
			);
			path = Constants;
			sourceTree = "<group>";
		};
		FAFDB2B52AE4F4FB00E41FBB /* Coordinator */ = {
			isa = PBXGroup;
			children = (
				FAFDB2B62AE4F51C00E41FBB /* Coordinator.swift */,
				FAFDB2B82AE4F56500E41FBB /* AppCoordinator.swift */,
			);
			path = Coordinator;
			sourceTree = "<group>";
		};
/* End PBXGroup section */

/* Begin PBXNativeTarget section */
		FAFDB2912AE4E3FE00E41FBB /* CryptoTraidingWebView-MVVM-C */ = {
			isa = PBXNativeTarget;
			buildConfigurationList = FAFDB2A62AE4E40000E41FBB /* Build configuration list for PBXNativeTarget "CryptoTraidingWebView-MVVM-C" */;
			buildPhases = (
				FAFDB28E2AE4E3FE00E41FBB /* Sources */,
				FAFDB28F2AE4E3FE00E41FBB /* Frameworks */,
				FAFDB2902AE4E3FE00E41FBB /* Resources */,
			);
			buildRules = (
			);
			dependencies = (
			);
			name = "CryptoTraidingWebView-MVVM-C";
			productName = "CryptoTraidingWebView-MVVM-C";
			productReference = FAFDB2922AE4E3FE00E41FBB /* CryptoTraidingWebView-MVVM-C.app */;
			productType = "com.apple.product-type.application";
		};
/* End PBXNativeTarget section */

/* Begin PBXProject section */
		FAFDB28A2AE4E3FE00E41FBB /* Project object */ = {
			isa = PBXProject;
			attributes = {
				BuildIndependentTargetsInParallel = 1;
				LastSwiftUpdateCheck = 1500;
				LastUpgradeCheck = 1500;
				TargetAttributes = {
					FAFDB2912AE4E3FE00E41FBB = {
						CreatedOnToolsVersion = 15.0;
					};
				};
			};
			buildConfigurationList = FAFDB28D2AE4E3FE00E41FBB /* Build configuration list for PBXProject "CryptoTraidingWebView-MVVM-C" */;
			compatibilityVersion = "Xcode 14.0";
			developmentRegion = en;
			hasScannedForEncodings = 0;
			knownRegions = (
				en,
				Base,
			);
			mainGroup = FAFDB2892AE4E3FE00E41FBB;
			productRefGroup = FAFDB2932AE4E3FE00E41FBB /* Products */;
			projectDirPath = "";
			projectRoot = "";
			targets = (
				FAFDB2912AE4E3FE00E41FBB /* CryptoTraidingWebView-MVVM-C */,
			);
		};
/* End PBXProject section */

/* Begin PBXResourcesBuildPhase section */
		FAFDB2902AE4E3FE00E41FBB /* Resources */ = {
			isa = PBXResourcesBuildPhase;
			buildActionMask = 2147483647;
			files = (
				FAFDB2A22AE4E40000E41FBB /* LaunchScreen.storyboard in Resources */,
				FAFDB29F2AE4E40000E41FBB /* Assets.xcassets in Resources */,
				FAFDB29D2AE4E3FE00E41FBB /* Main.storyboard in Resources */,
			);
			runOnlyForDeploymentPostprocessing = 0;
		};
/* End PBXResourcesBuildPhase section */

/* Begin PBXSourcesBuildPhase section */
		FAFDB28E2AE4E3FE00E41FBB /* Sources */ = {
			isa = PBXSourcesBuildPhase;
			buildActionMask = 2147483647;
			files = (
				FAFDB29A2AE4E3FE00E41FBB /* ViewController.swift in Sources */,
				FAFDB2B42AE4F43200E41FBB /* UIColor+Extensions.swift in Sources */,
				FAFDB2962AE4E3FE00E41FBB /* AppDelegate.swift in Sources */,
				FAFDB2B22AE4F2FD00E41FBB /* Theme.swift in Sources */,
				FAFDB2B92AE4F56500E41FBB /* AppCoordinator.swift in Sources */,
				FAFDB2AF2AE4EDDB00E41FBB /* UIView+Extensions.swift in Sources */,
				FAFDB2982AE4E3FE00E41FBB /* SceneDelegate.swift in Sources */,
				FAFDB2B72AE4F51C00E41FBB /* Coordinator.swift in Sources */,
			);
			runOnlyForDeploymentPostprocessing = 0;
		};
/* End PBXSourcesBuildPhase section */

/* Begin PBXVariantGroup section */
		FAFDB29B2AE4E3FE00E41FBB /* Main.storyboard */ = {
			isa = PBXVariantGroup;
			children = (
				FAFDB29C2AE4E3FE00E41FBB /* Base */,
			);
			name = Main.storyboard;
			sourceTree = "<group>";
		};
		FAFDB2A02AE4E40000E41FBB /* LaunchScreen.storyboard */ = {
			isa = PBXVariantGroup;
			children = (
				FAFDB2A12AE4E40000E41FBB /* Base */,
			);
			name = LaunchScreen.storyboard;
			sourceTree = "<group>";
		};
/* End PBXVariantGroup section */

/* Begin XCBuildConfiguration section */
		FAFDB2A42AE4E40000E41FBB /* Debug */ = {
			isa = XCBuildConfiguration;
			buildSettings = {
				ALWAYS_SEARCH_USER_PATHS = NO;
				ASSETCATALOG_COMPILER_GENERATE_SWIFT_ASSET_SYMBOL_EXTENSIONS = YES;
				CLANG_ANALYZER_NONNULL = YES;
				CLANG_ANALYZER_NUMBER_OBJECT_CONVERSION = YES_AGGRESSIVE;
				CLANG_CXX_LANGUAGE_STANDARD = "gnu++20";
				CLANG_ENABLE_MODULES = YES;
				CLANG_ENABLE_OBJC_ARC = YES;
				CLANG_ENABLE_OBJC_WEAK = YES;
				CLANG_WARN_BLOCK_CAPTURE_AUTORELEASING = YES;
				CLANG_WARN_BOOL_CONVERSION = YES;
				CLANG_WARN_COMMA = YES;
				CLANG_WARN_CONSTANT_CONVERSION = YES;
				CLANG_WARN_DEPRECATED_OBJC_IMPLEMENTATIONS = YES;
				CLANG_WARN_DIRECT_OBJC_ISA_USAGE = YES_ERROR;
				CLANG_WARN_DOCUMENTATION_COMMENTS = YES;
				CLANG_WARN_EMPTY_BODY = YES;
				CLANG_WARN_ENUM_CONVERSION = YES;
				CLANG_WARN_INFINITE_RECURSION = YES;
				CLANG_WARN_INT_CONVERSION = YES;
				CLANG_WARN_NON_LITERAL_NULL_CONVERSION = YES;
				CLANG_WARN_OBJC_IMPLICIT_RETAIN_SELF = YES;
				CLANG_WARN_OBJC_LITERAL_CONVERSION = YES;
				CLANG_WARN_OBJC_ROOT_CLASS = YES_ERROR;
				CLANG_WARN_QUOTED_INCLUDE_IN_FRAMEWORK_HEADER = YES;
				CLANG_WARN_RANGE_LOOP_ANALYSIS = YES;
				CLANG_WARN_STRICT_PROTOTYPES = YES;
				CLANG_WARN_SUSPICIOUS_MOVE = YES;
				CLANG_WARN_UNGUARDED_AVAILABILITY = YES_AGGRESSIVE;
				CLANG_WARN_UNREACHABLE_CODE = YES;
				CLANG_WARN__DUPLICATE_METHOD_MATCH = YES;
				COPY_PHASE_STRIP = NO;
				DEBUG_INFORMATION_FORMAT = dwarf;
				ENABLE_STRICT_OBJC_MSGSEND = YES;
				ENABLE_TESTABILITY = YES;
				ENABLE_USER_SCRIPT_SANDBOXING = YES;
				GCC_C_LANGUAGE_STANDARD = gnu17;
				GCC_DYNAMIC_NO_PIC = NO;
				GCC_NO_COMMON_BLOCKS = YES;
				GCC_OPTIMIZATION_LEVEL = 0;
				GCC_PREPROCESSOR_DEFINITIONS = (
					"DEBUG=1",
					"$(inherited)",
				);
				GCC_WARN_64_TO_32_BIT_CONVERSION = YES;
				GCC_WARN_ABOUT_RETURN_TYPE = YES_ERROR;
				GCC_WARN_UNDECLARED_SELECTOR = YES;
				GCC_WARN_UNINITIALIZED_AUTOS = YES_AGGRESSIVE;
				GCC_WARN_UNUSED_FUNCTION = YES;
				GCC_WARN_UNUSED_VARIABLE = YES;
				IPHONEOS_DEPLOYMENT_TARGET = 17.0;
				LOCALIZATION_PREFERS_STRING_CATALOGS = YES;
				MTL_ENABLE_DEBUG_INFO = INCLUDE_SOURCE;
				MTL_FAST_MATH = YES;
				ONLY_ACTIVE_ARCH = YES;
				SDKROOT = iphoneos;
				SWIFT_ACTIVE_COMPILATION_CONDITIONS = "DEBUG $(inherited)";
				SWIFT_OPTIMIZATION_LEVEL = "-Onone";
			};
			name = Debug;
		};
		FAFDB2A52AE4E40000E41FBB /* Release */ = {
			isa = XCBuildConfiguration;
			buildSettings = {
				ALWAYS_SEARCH_USER_PATHS = NO;
				ASSETCATALOG_COMPILER_GENERATE_SWIFT_ASSET_SYMBOL_EXTENSIONS = YES;
				CLANG_ANALYZER_NONNULL = YES;
				CLANG_ANALYZER_NUMBER_OBJECT_CONVERSION = YES_AGGRESSIVE;
				CLANG_CXX_LANGUAGE_STANDARD = "gnu++20";
				CLANG_ENABLE_MODULES = YES;
				CLANG_ENABLE_OBJC_ARC = YES;
				CLANG_ENABLE_OBJC_WEAK = YES;
				CLANG_WARN_BLOCK_CAPTURE_AUTORELEASING = YES;
				CLANG_WARN_BOOL_CONVERSION = YES;
				CLANG_WARN_COMMA = YES;
				CLANG_WARN_CONSTANT_CONVERSION = YES;
				CLANG_WARN_DEPRECATED_OBJC_IMPLEMENTATIONS = YES;
				CLANG_WARN_DIRECT_OBJC_ISA_USAGE = YES_ERROR;
				CLANG_WARN_DOCUMENTATION_COMMENTS = YES;
				CLANG_WARN_EMPTY_BODY = YES;
				CLANG_WARN_ENUM_CONVERSION = YES;
				CLANG_WARN_INFINITE_RECURSION = YES;
				CLANG_WARN_INT_CONVERSION = YES;
				CLANG_WARN_NON_LITERAL_NULL_CONVERSION = YES;
				CLANG_WARN_OBJC_IMPLICIT_RETAIN_SELF = YES;
				CLANG_WARN_OBJC_LITERAL_CONVERSION = YES;
				CLANG_WARN_OBJC_ROOT_CLASS = YES_ERROR;
				CLANG_WARN_QUOTED_INCLUDE_IN_FRAMEWORK_HEADER = YES;
				CLANG_WARN_RANGE_LOOP_ANALYSIS = YES;
				CLANG_WARN_STRICT_PROTOTYPES = YES;
				CLANG_WARN_SUSPICIOUS_MOVE = YES;
				CLANG_WARN_UNGUARDED_AVAILABILITY = YES_AGGRESSIVE;
				CLANG_WARN_UNREACHABLE_CODE = YES;
				CLANG_WARN__DUPLICATE_METHOD_MATCH = YES;
				COPY_PHASE_STRIP = NO;
				DEBUG_INFORMATION_FORMAT = "dwarf-with-dsym";
				ENABLE_NS_ASSERTIONS = NO;
				ENABLE_STRICT_OBJC_MSGSEND = YES;
				ENABLE_USER_SCRIPT_SANDBOXING = YES;
				GCC_C_LANGUAGE_STANDARD = gnu17;
				GCC_NO_COMMON_BLOCKS = YES;
				GCC_WARN_64_TO_32_BIT_CONVERSION = YES;
				GCC_WARN_ABOUT_RETURN_TYPE = YES_ERROR;
				GCC_WARN_UNDECLARED_SELECTOR = YES;
				GCC_WARN_UNINITIALIZED_AUTOS = YES_AGGRESSIVE;
				GCC_WARN_UNUSED_FUNCTION = YES;
				GCC_WARN_UNUSED_VARIABLE = YES;
				IPHONEOS_DEPLOYMENT_TARGET = 17.0;
				LOCALIZATION_PREFERS_STRING_CATALOGS = YES;
				MTL_ENABLE_DEBUG_INFO = NO;
				MTL_FAST_MATH = YES;
				SDKROOT = iphoneos;
				SWIFT_COMPILATION_MODE = wholemodule;
				VALIDATE_PRODUCT = YES;
			};
			name = Release;
		};
		FAFDB2A72AE4E40000E41FBB /* Debug */ = {
			isa = XCBuildConfiguration;
			buildSettings = {
				ASSETCATALOG_COMPILER_APPICON_NAME = AppIcon;
				ASSETCATALOG_COMPILER_GLOBAL_ACCENT_COLOR_NAME = AccentColor;
				CODE_SIGN_STYLE = Automatic;
				CURRENT_PROJECT_VERSION = 1;
				DEVELOPMENT_TEAM = 5C9S7JT7L3;
				GENERATE_INFOPLIST_FILE = YES;
				INFOPLIST_FILE = "CryptoTraidingWebView-MVVM-C/Resources/Info.plist";
				INFOPLIST_KEY_UIApplicationSupportsIndirectInputEvents = YES;
				INFOPLIST_KEY_UILaunchStoryboardName = LaunchScreen;
				INFOPLIST_KEY_UIMainStoryboardFile = Main;
				INFOPLIST_KEY_UISupportedInterfaceOrientations_iPad = "UIInterfaceOrientationPortrait UIInterfaceOrientationPortraitUpsideDown UIInterfaceOrientationLandscapeLeft UIInterfaceOrientationLandscapeRight";
				INFOPLIST_KEY_UISupportedInterfaceOrientations_iPhone = "UIInterfaceOrientationPortrait UIInterfaceOrientationLandscapeLeft UIInterfaceOrientationLandscapeRight";
				LD_RUNPATH_SEARCH_PATHS = (
					"$(inherited)",
					"@executable_path/Frameworks",
				);
				MARKETING_VERSION = 1.0;
				PRODUCT_BUNDLE_IDENTIFIER = "i0240.com.my.CryptoTraidingWebView-MVVM-C";
				PRODUCT_NAME = "$(TARGET_NAME)";
				SWIFT_EMIT_LOC_STRINGS = YES;
				SWIFT_VERSION = 5.0;
				TARGETED_DEVICE_FAMILY = "1,2";
			};
			name = Debug;
		};
		FAFDB2A82AE4E40000E41FBB /* Release */ = {
			isa = XCBuildConfiguration;
			buildSettings = {
				ASSETCATALOG_COMPILER_APPICON_NAME = AppIcon;
				ASSETCATALOG_COMPILER_GLOBAL_ACCENT_COLOR_NAME = AccentColor;
				CODE_SIGN_STYLE = Automatic;
				CURRENT_PROJECT_VERSION = 1;
				DEVELOPMENT_TEAM = 5C9S7JT7L3;
				GENERATE_INFOPLIST_FILE = YES;
				INFOPLIST_FILE = "CryptoTraidingWebView-MVVM-C/Resources/Info.plist";
				INFOPLIST_KEY_UIApplicationSupportsIndirectInputEvents = YES;
				INFOPLIST_KEY_UILaunchStoryboardName = LaunchScreen;
				INFOPLIST_KEY_UIMainStoryboardFile = Main;
				INFOPLIST_KEY_UISupportedInterfaceOrientations_iPad = "UIInterfaceOrientationPortrait UIInterfaceOrientationPortraitUpsideDown UIInterfaceOrientationLandscapeLeft UIInterfaceOrientationLandscapeRight";
				INFOPLIST_KEY_UISupportedInterfaceOrientations_iPhone = "UIInterfaceOrientationPortrait UIInterfaceOrientationLandscapeLeft UIInterfaceOrientationLandscapeRight";
				LD_RUNPATH_SEARCH_PATHS = (
					"$(inherited)",
					"@executable_path/Frameworks",
				);
				MARKETING_VERSION = 1.0;
				PRODUCT_BUNDLE_IDENTIFIER = "i0240.com.my.CryptoTraidingWebView-MVVM-C";
				PRODUCT_NAME = "$(TARGET_NAME)";
				SWIFT_EMIT_LOC_STRINGS = YES;
				SWIFT_VERSION = 5.0;
				TARGETED_DEVICE_FAMILY = "1,2";
			};
			name = Release;
		};
/* End XCBuildConfiguration section */

/* Begin XCConfigurationList section */
		FAFDB28D2AE4E3FE00E41FBB /* Build configuration list for PBXProject "CryptoTraidingWebView-MVVM-C" */ = {
			isa = XCConfigurationList;
			buildConfigurations = (
				FAFDB2A42AE4E40000E41FBB /* Debug */,
				FAFDB2A52AE4E40000E41FBB /* Release */,
			);
			defaultConfigurationIsVisible = 0;
			defaultConfigurationName = Release;
		};
		FAFDB2A62AE4E40000E41FBB /* Build configuration list for PBXNativeTarget "CryptoTraidingWebView-MVVM-C" */ = {
			isa = XCConfigurationList;
			buildConfigurations = (
				FAFDB2A72AE4E40000E41FBB /* Debug */,
				FAFDB2A82AE4E40000E41FBB /* Release */,
			);
			defaultConfigurationIsVisible = 0;
			defaultConfigurationName = Release;
		};
/* End XCConfigurationList section */
	};
	rootObject = FAFDB28A2AE4E3FE00E41FBB /* Project object */;
}
